
Microsoft Visual Studio Solution File, Format Version 12.00
# Visual Studio Version 17
VisualStudioVersion = 17.0.31815.197
MinimumVisualStudioVersion = 10.0.40219.1
Project("{2150E333-8FDC-42A3-9474-1A3956D46DE8}") = "src", "src", "{106AE906-5075-410A-B941-912F811848EE}"
EndProject
Project("{2150E333-8FDC-42A3-9474-1A3956D46DE8}") = "tests", "tests", "{B31B4797-1D9F-4288-808C-BE9A31A98C7D}"
EndProject
Project("{2150E333-8FDC-42A3-9474-1A3956D46DE8}") = "Solution Items", "Solution Items", "{250F283E-FE2F-4BBD-9E63-A2265B84E23F}"
	ProjectSection(SolutionItems) = preProject
		.editorconfig = .editorconfig
		CleanArchitecture.nuspec = CleanArchitecture.nuspec
		Directory.Packages.props = Directory.Packages.props
	EndProjectSection
EndProject
Project("{2150E333-8FDC-42A3-9474-1A3956D46DE8}") = "ToDo", "ToDo", "{8D29AE27-0993-4B92-BFB2-06E8E6FA60D0}"
EndProject
Project("{9A19103F-16F7-4668-BE54-9A1E7A4F7556}") = "ToDo.Core", "src\ToDo\Core\ToDo.Core.csproj", "{D7918260-C2E3-4F59-B13D-57E987EB7C97}"
EndProject
Project("{9A19103F-16F7-4668-BE54-9A1E7A4F7556}") = "ToDo.Infrastructure", "src\ToDo\Infrastructure\ToDo.Infrastructure.csproj", "{2E42FE00-33FA-4A8A-BC09-37AA99F69CB9}"
EndProject
Project("{9A19103F-16F7-4668-BE54-9A1E7A4F7556}") = "ToDo.Web", "src\ToDo\Web\ToDo.Web.csproj", "{C3E62014-7557-495D-92B8-6F229CE0A444}"
EndProject
Project("{9A19103F-16F7-4668-BE54-9A1E7A4F7556}") = "ToDo.FunctionalTests", "tests\ToDo\FunctionalTests\ToDo.FunctionalTests.csproj", "{4F5CDD23-8AFA-420C-B6E9-AC7FE7A85A07}"
EndProject
Project("{9A19103F-16F7-4668-BE54-9A1E7A4F7556}") = "ToDo.UnitTests", "tests\ToDo\UnitTests\ToDo.UnitTests.csproj", "{130F0931-A1BB-4DC0-8C0F-ACCCE97CA713}"
EndProject
Project("{9A19103F-16F7-4668-BE54-9A1E7A4F7556}") = "ToDo.IntegrationTests", "tests\ToDo\IntegrationTests\ToDo.IntegrationTests.csproj", "{FF25EFBE-2720-424A-A3C5-413CCB88D910}"
EndProject
Project("{9A19103F-16F7-4668-BE54-9A1E7A4F7556}") = "ToDo.SharedKernel", "src\ToDo\SharedKernel\ToDo.SharedKernel.csproj", "{701D5F92-3672-4BEF-B9AF-BF7A81FC6531}"
EndProject
Project("{2150E333-8FDC-42A3-9474-1A3956D46DE8}") = "Movies", "Movies", "{035D2073-A84B-4AD4-9BBD-1DC95A17BE93}"
EndProject
Project("{2150E333-8FDC-42A3-9474-1A3956D46DE8}") = "src", "src", "{1C805415-2679-4EAF-8F8D-DE9ED18C2E28}"
EndProject
Project("{2150E333-8FDC-42A3-9474-1A3956D46DE8}") = "tests", "tests", "{51B39A20-7812-4A24-983C-86808B6BF4E3}"
EndProject
Project("{2150E333-8FDC-42A3-9474-1A3956D46DE8}") = "core", "core", "{CEEDC55C-F200-4697-925E-30C1E7DDC94A}"
EndProject
Project("{2150E333-8FDC-42A3-9474-1A3956D46DE8}") = "infrastructure", "infrastructure", "{6121D9CA-80B5-48D2-971D-14D9619084BA}"
EndProject
Project("{2150E333-8FDC-42A3-9474-1A3956D46DE8}") = "user-interface", "user-interface", "{B42BCB93-F33A-4373-94EF-7EFBCF50AD35}"
EndProject
Project("{9A19103F-16F7-4668-BE54-9A1E7A4F7556}") = "Movies.SharedKernel", "src\Movies\Core\SharedKernel\Movies.SharedKernel.csproj", "{4EF01C80-A98F-4177-8113-E73F8D460B9D}"
EndProject
Project("{9A19103F-16F7-4668-BE54-9A1E7A4F7556}") = "Movies.Domain", "src\Movies\Core\Domain\Movies.Domain.csproj", "{87CC5019-BB40-416C-A1AE-DF14DD8BF805}"
EndProject
Project("{9A19103F-16F7-4668-BE54-9A1E7A4F7556}") = "Movies.Infrastructure", "src\Movies\Infrastructure\Movies.Infrastructure.csproj", "{A5AD2291-1294-4E6B-9FA0-7B6252AB5505}"
EndProject
Global
	GlobalSection(SolutionConfigurationPlatforms) = preSolution
		Debug|Any CPU = Debug|Any CPU
		Debug|x64 = Debug|x64
		Debug|x86 = Debug|x86
		Release|Any CPU = Release|Any CPU
		Release|x64 = Release|x64
		Release|x86 = Release|x86
	EndGlobalSection
	GlobalSection(ProjectConfigurationPlatforms) = postSolution
		{D7918260-C2E3-4F59-B13D-57E987EB7C97}.Debug|Any CPU.ActiveCfg = Debug|Any CPU
		{D7918260-C2E3-4F59-B13D-57E987EB7C97}.Debug|Any CPU.Build.0 = Debug|Any CPU
		{D7918260-C2E3-4F59-B13D-57E987EB7C97}.Debug|x64.ActiveCfg = Debug|Any CPU
		{D7918260-C2E3-4F59-B13D-57E987EB7C97}.Debug|x64.Build.0 = Debug|Any CPU
		{D7918260-C2E3-4F59-B13D-57E987EB7C97}.Debug|x86.ActiveCfg = Debug|Any CPU
		{D7918260-C2E3-4F59-B13D-57E987EB7C97}.Debug|x86.Build.0 = Debug|Any CPU
		{D7918260-C2E3-4F59-B13D-57E987EB7C97}.Release|Any CPU.ActiveCfg = Release|Any CPU
		{D7918260-C2E3-4F59-B13D-57E987EB7C97}.Release|Any CPU.Build.0 = Release|Any CPU
		{D7918260-C2E3-4F59-B13D-57E987EB7C97}.Release|x64.ActiveCfg = Release|Any CPU
		{D7918260-C2E3-4F59-B13D-57E987EB7C97}.Release|x64.Build.0 = Release|Any CPU
		{D7918260-C2E3-4F59-B13D-57E987EB7C97}.Release|x86.ActiveCfg = Release|Any CPU
		{D7918260-C2E3-4F59-B13D-57E987EB7C97}.Release|x86.Build.0 = Release|Any CPU
		{2E42FE00-33FA-4A8A-BC09-37AA99F69CB9}.Debug|Any CPU.ActiveCfg = Debug|Any CPU
		{2E42FE00-33FA-4A8A-BC09-37AA99F69CB9}.Debug|Any CPU.Build.0 = Debug|Any CPU
		{2E42FE00-33FA-4A8A-BC09-37AA99F69CB9}.Debug|x64.ActiveCfg = Debug|Any CPU
		{2E42FE00-33FA-4A8A-BC09-37AA99F69CB9}.Debug|x64.Build.0 = Debug|Any CPU
		{2E42FE00-33FA-4A8A-BC09-37AA99F69CB9}.Debug|x86.ActiveCfg = Debug|Any CPU
		{2E42FE00-33FA-4A8A-BC09-37AA99F69CB9}.Debug|x86.Build.0 = Debug|Any CPU
		{2E42FE00-33FA-4A8A-BC09-37AA99F69CB9}.Release|Any CPU.ActiveCfg = Release|Any CPU
		{2E42FE00-33FA-4A8A-BC09-37AA99F69CB9}.Release|Any CPU.Build.0 = Release|Any CPU
		{2E42FE00-33FA-4A8A-BC09-37AA99F69CB9}.Release|x64.ActiveCfg = Release|Any CPU
		{2E42FE00-33FA-4A8A-BC09-37AA99F69CB9}.Release|x64.Build.0 = Release|Any CPU
		{2E42FE00-33FA-4A8A-BC09-37AA99F69CB9}.Release|x86.ActiveCfg = Release|Any CPU
		{2E42FE00-33FA-4A8A-BC09-37AA99F69CB9}.Release|x86.Build.0 = Release|Any CPU
		{C3E62014-7557-495D-92B8-6F229CE0A444}.Debug|Any CPU.ActiveCfg = Debug|Any CPU
		{C3E62014-7557-495D-92B8-6F229CE0A444}.Debug|Any CPU.Build.0 = Debug|Any CPU
		{C3E62014-7557-495D-92B8-6F229CE0A444}.Debug|x64.ActiveCfg = Debug|Any CPU
		{C3E62014-7557-495D-92B8-6F229CE0A444}.Debug|x64.Build.0 = Debug|Any CPU
		{C3E62014-7557-495D-92B8-6F229CE0A444}.Debug|x86.ActiveCfg = Debug|Any CPU
		{C3E62014-7557-495D-92B8-6F229CE0A444}.Debug|x86.Build.0 = Debug|Any CPU
		{C3E62014-7557-495D-92B8-6F229CE0A444}.Release|Any CPU.ActiveCfg = Release|Any CPU
		{C3E62014-7557-495D-92B8-6F229CE0A444}.Release|Any CPU.Build.0 = Release|Any CPU
		{C3E62014-7557-495D-92B8-6F229CE0A444}.Release|x64.ActiveCfg = Release|Any CPU
		{C3E62014-7557-495D-92B8-6F229CE0A444}.Release|x64.Build.0 = Release|Any CPU
		{C3E62014-7557-495D-92B8-6F229CE0A444}.Release|x86.ActiveCfg = Release|Any CPU
		{C3E62014-7557-495D-92B8-6F229CE0A444}.Release|x86.Build.0 = Release|Any CPU
		{4F5CDD23-8AFA-420C-B6E9-AC7FE7A85A07}.Debug|Any CPU.ActiveCfg = Debug|Any CPU
		{4F5CDD23-8AFA-420C-B6E9-AC7FE7A85A07}.Debug|Any CPU.Build.0 = Debug|Any CPU
		{4F5CDD23-8AFA-420C-B6E9-AC7FE7A85A07}.Debug|x64.ActiveCfg = Debug|Any CPU
		{4F5CDD23-8AFA-420C-B6E9-AC7FE7A85A07}.Debug|x64.Build.0 = Debug|Any CPU
		{4F5CDD23-8AFA-420C-B6E9-AC7FE7A85A07}.Debug|x86.ActiveCfg = Debug|Any CPU
		{4F5CDD23-8AFA-420C-B6E9-AC7FE7A85A07}.Debug|x86.Build.0 = Debug|Any CPU
		{4F5CDD23-8AFA-420C-B6E9-AC7FE7A85A07}.Release|Any CPU.ActiveCfg = Release|Any CPU
		{4F5CDD23-8AFA-420C-B6E9-AC7FE7A85A07}.Release|Any CPU.Build.0 = Release|Any CPU
		{4F5CDD23-8AFA-420C-B6E9-AC7FE7A85A07}.Release|x64.ActiveCfg = Release|Any CPU
		{4F5CDD23-8AFA-420C-B6E9-AC7FE7A85A07}.Release|x64.Build.0 = Release|Any CPU
		{4F5CDD23-8AFA-420C-B6E9-AC7FE7A85A07}.Release|x86.ActiveCfg = Release|Any CPU
		{4F5CDD23-8AFA-420C-B6E9-AC7FE7A85A07}.Release|x86.Build.0 = Release|Any CPU
		{130F0931-A1BB-4DC0-8C0F-ACCCE97CA713}.Debug|Any CPU.ActiveCfg = Debug|Any CPU
		{130F0931-A1BB-4DC0-8C0F-ACCCE97CA713}.Debug|Any CPU.Build.0 = Debug|Any CPU
		{130F0931-A1BB-4DC0-8C0F-ACCCE97CA713}.Debug|x64.ActiveCfg = Debug|Any CPU
		{130F0931-A1BB-4DC0-8C0F-ACCCE97CA713}.Debug|x64.Build.0 = Debug|Any CPU
		{130F0931-A1BB-4DC0-8C0F-ACCCE97CA713}.Debug|x86.ActiveCfg = Debug|Any CPU
		{130F0931-A1BB-4DC0-8C0F-ACCCE97CA713}.Debug|x86.Build.0 = Debug|Any CPU
		{130F0931-A1BB-4DC0-8C0F-ACCCE97CA713}.Release|Any CPU.ActiveCfg = Release|Any CPU
		{130F0931-A1BB-4DC0-8C0F-ACCCE97CA713}.Release|Any CPU.Build.0 = Release|Any CPU
		{130F0931-A1BB-4DC0-8C0F-ACCCE97CA713}.Release|x64.ActiveCfg = Release|Any CPU
		{130F0931-A1BB-4DC0-8C0F-ACCCE97CA713}.Release|x64.Build.0 = Release|Any CPU
		{130F0931-A1BB-4DC0-8C0F-ACCCE97CA713}.Release|x86.ActiveCfg = Release|Any CPU
		{130F0931-A1BB-4DC0-8C0F-ACCCE97CA713}.Release|x86.Build.0 = Release|Any CPU
		{FF25EFBE-2720-424A-A3C5-413CCB88D910}.Debug|Any CPU.ActiveCfg = Debug|Any CPU
		{FF25EFBE-2720-424A-A3C5-413CCB88D910}.Debug|Any CPU.Build.0 = Debug|Any CPU
		{FF25EFBE-2720-424A-A3C5-413CCB88D910}.Debug|x64.ActiveCfg = Debug|Any CPU
		{FF25EFBE-2720-424A-A3C5-413CCB88D910}.Debug|x64.Build.0 = Debug|Any CPU
		{FF25EFBE-2720-424A-A3C5-413CCB88D910}.Debug|x86.ActiveCfg = Debug|Any CPU
		{FF25EFBE-2720-424A-A3C5-413CCB88D910}.Debug|x86.Build.0 = Debug|Any CPU
		{FF25EFBE-2720-424A-A3C5-413CCB88D910}.Release|Any CPU.ActiveCfg = Release|Any CPU
		{FF25EFBE-2720-424A-A3C5-413CCB88D910}.Release|Any CPU.Build.0 = Release|Any CPU
		{FF25EFBE-2720-424A-A3C5-413CCB88D910}.Release|x64.ActiveCfg = Release|Any CPU
		{FF25EFBE-2720-424A-A3C5-413CCB88D910}.Release|x64.Build.0 = Release|Any CPU
		{FF25EFBE-2720-424A-A3C5-413CCB88D910}.Release|x86.ActiveCfg = Release|Any CPU
		{FF25EFBE-2720-424A-A3C5-413CCB88D910}.Release|x86.Build.0 = Release|Any CPU
		{701D5F92-3672-4BEF-B9AF-BF7A81FC6531}.Debug|Any CPU.ActiveCfg = Debug|Any CPU
		{701D5F92-3672-4BEF-B9AF-BF7A81FC6531}.Debug|Any CPU.Build.0 = Debug|Any CPU
		{701D5F92-3672-4BEF-B9AF-BF7A81FC6531}.Debug|x64.ActiveCfg = Debug|Any CPU
		{701D5F92-3672-4BEF-B9AF-BF7A81FC6531}.Debug|x64.Build.0 = Debug|Any CPU
		{701D5F92-3672-4BEF-B9AF-BF7A81FC6531}.Debug|x86.ActiveCfg = Debug|Any CPU
		{701D5F92-3672-4BEF-B9AF-BF7A81FC6531}.Debug|x86.Build.0 = Debug|Any CPU
		{701D5F92-3672-4BEF-B9AF-BF7A81FC6531}.Release|Any CPU.ActiveCfg = Release|Any CPU
		{701D5F92-3672-4BEF-B9AF-BF7A81FC6531}.Release|Any CPU.Build.0 = Release|Any CPU
		{701D5F92-3672-4BEF-B9AF-BF7A81FC6531}.Release|x64.ActiveCfg = Release|Any CPU
		{701D5F92-3672-4BEF-B9AF-BF7A81FC6531}.Release|x64.Build.0 = Release|Any CPU
		{701D5F92-3672-4BEF-B9AF-BF7A81FC6531}.Release|x86.ActiveCfg = Release|Any CPU
		{701D5F92-3672-4BEF-B9AF-BF7A81FC6531}.Release|x86.Build.0 = Release|Any CPU
		{4EF01C80-A98F-4177-8113-E73F8D460B9D}.Debug|Any CPU.ActiveCfg = Debug|Any CPU
		{4EF01C80-A98F-4177-8113-E73F8D460B9D}.Debug|Any CPU.Build.0 = Debug|Any CPU
		{4EF01C80-A98F-4177-8113-E73F8D460B9D}.Debug|x64.ActiveCfg = Debug|Any CPU
		{4EF01C80-A98F-4177-8113-E73F8D460B9D}.Debug|x64.Build.0 = Debug|Any CPU
		{4EF01C80-A98F-4177-8113-E73F8D460B9D}.Debug|x86.ActiveCfg = Debug|Any CPU
		{4EF01C80-A98F-4177-8113-E73F8D460B9D}.Debug|x86.Build.0 = Debug|Any CPU
		{4EF01C80-A98F-4177-8113-E73F8D460B9D}.Release|Any CPU.ActiveCfg = Release|Any CPU
		{4EF01C80-A98F-4177-8113-E73F8D460B9D}.Release|Any CPU.Build.0 = Release|Any CPU
		{4EF01C80-A98F-4177-8113-E73F8D460B9D}.Release|x64.ActiveCfg = Release|Any CPU
		{4EF01C80-A98F-4177-8113-E73F8D460B9D}.Release|x64.Build.0 = Release|Any CPU
		{4EF01C80-A98F-4177-8113-E73F8D460B9D}.Release|x86.ActiveCfg = Release|Any CPU
		{4EF01C80-A98F-4177-8113-E73F8D460B9D}.Release|x86.Build.0 = Release|Any CPU
		{87CC5019-BB40-416C-A1AE-DF14DD8BF805}.Debug|Any CPU.ActiveCfg = Debug|Any CPU
		{87CC5019-BB40-416C-A1AE-DF14DD8BF805}.Debug|Any CPU.Build.0 = Debug|Any CPU
		{87CC5019-BB40-416C-A1AE-DF14DD8BF805}.Debug|x64.ActiveCfg = Debug|Any CPU
		{87CC5019-BB40-416C-A1AE-DF14DD8BF805}.Debug|x64.Build.0 = Debug|Any CPU
		{87CC5019-BB40-416C-A1AE-DF14DD8BF805}.Debug|x86.ActiveCfg = Debug|Any CPU
		{87CC5019-BB40-416C-A1AE-DF14DD8BF805}.Debug|x86.Build.0 = Debug|Any CPU
		{87CC5019-BB40-416C-A1AE-DF14DD8BF805}.Release|Any CPU.ActiveCfg = Release|Any CPU
		{87CC5019-BB40-416C-A1AE-DF14DD8BF805}.Release|Any CPU.Build.0 = Release|Any CPU
		{87CC5019-BB40-416C-A1AE-DF14DD8BF805}.Release|x64.ActiveCfg = Release|Any CPU
		{87CC5019-BB40-416C-A1AE-DF14DD8BF805}.Release|x64.Build.0 = Release|Any CPU
		{87CC5019-BB40-416C-A1AE-DF14DD8BF805}.Release|x86.ActiveCfg = Release|Any CPU
		{87CC5019-BB40-416C-A1AE-DF14DD8BF805}.Release|x86.Build.0 = Release|Any CPU
		{A5AD2291-1294-4E6B-9FA0-7B6252AB5505}.Debug|Any CPU.ActiveCfg = Debug|Any CPU
		{A5AD2291-1294-4E6B-9FA0-7B6252AB5505}.Debug|Any CPU.Build.0 = Debug|Any CPU
		{A5AD2291-1294-4E6B-9FA0-7B6252AB5505}.Debug|x64.ActiveCfg = Debug|Any CPU
		{A5AD2291-1294-4E6B-9FA0-7B6252AB5505}.Debug|x64.Build.0 = Debug|Any CPU
		{A5AD2291-1294-4E6B-9FA0-7B6252AB5505}.Debug|x86.ActiveCfg = Debug|Any CPU
		{A5AD2291-1294-4E6B-9FA0-7B6252AB5505}.Debug|x86.Build.0 = Debug|Any CPU
		{A5AD2291-1294-4E6B-9FA0-7B6252AB5505}.Release|Any CPU.ActiveCfg = Release|Any CPU
		{A5AD2291-1294-4E6B-9FA0-7B6252AB5505}.Release|Any CPU.Build.0 = Release|Any CPU
		{A5AD2291-1294-4E6B-9FA0-7B6252AB5505}.Release|x64.ActiveCfg = Release|Any CPU
		{A5AD2291-1294-4E6B-9FA0-7B6252AB5505}.Release|x64.Build.0 = Release|Any CPU
		{A5AD2291-1294-4E6B-9FA0-7B6252AB5505}.Release|x86.ActiveCfg = Release|Any CPU
		{A5AD2291-1294-4E6B-9FA0-7B6252AB5505}.Release|x86.Build.0 = Release|Any CPU
	EndGlobalSection
	GlobalSection(SolutionProperties) = preSolution
		HideSolutionNode = FALSE
	EndGlobalSection
	GlobalSection(NestedProjects) = preSolution
		{106AE906-5075-410A-B941-912F811848EE} = {8D29AE27-0993-4B92-BFB2-06E8E6FA60D0}
		{B31B4797-1D9F-4288-808C-BE9A31A98C7D} = {8D29AE27-0993-4B92-BFB2-06E8E6FA60D0}
		{D7918260-C2E3-4F59-B13D-57E987EB7C97} = {106AE906-5075-410A-B941-912F811848EE}
		{2E42FE00-33FA-4A8A-BC09-37AA99F69CB9} = {106AE906-5075-410A-B941-912F811848EE}
		{C3E62014-7557-495D-92B8-6F229CE0A444} = {106AE906-5075-410A-B941-912F811848EE}
		{4F5CDD23-8AFA-420C-B6E9-AC7FE7A85A07} = {B31B4797-1D9F-4288-808C-BE9A31A98C7D}
		{130F0931-A1BB-4DC0-8C0F-ACCCE97CA713} = {B31B4797-1D9F-4288-808C-BE9A31A98C7D}
		{FF25EFBE-2720-424A-A3C5-413CCB88D910} = {B31B4797-1D9F-4288-808C-BE9A31A98C7D}
		{701D5F92-3672-4BEF-B9AF-BF7A81FC6531} = {106AE906-5075-410A-B941-912F811848EE}
		{1C805415-2679-4EAF-8F8D-DE9ED18C2E28} = {035D2073-A84B-4AD4-9BBD-1DC95A17BE93}
		{51B39A20-7812-4A24-983C-86808B6BF4E3} = {1C805415-2679-4EAF-8F8D-DE9ED18C2E28}
		{CEEDC55C-F200-4697-925E-30C1E7DDC94A} = {1C805415-2679-4EAF-8F8D-DE9ED18C2E28}
		{6121D9CA-80B5-48D2-971D-14D9619084BA} = {1C805415-2679-4EAF-8F8D-DE9ED18C2E28}
		{B42BCB93-F33A-4373-94EF-7EFBCF50AD35} = {1C805415-2679-4EAF-8F8D-DE9ED18C2E28}
		{4EF01C80-A98F-4177-8113-E73F8D460B9D} = {CEEDC55C-F200-4697-925E-30C1E7DDC94A}
		{87CC5019-BB40-416C-A1AE-DF14DD8BF805} = {CEEDC55C-F200-4697-925E-30C1E7DDC94A}
		{A5AD2291-1294-4E6B-9FA0-7B6252AB5505} = {6121D9CA-80B5-48D2-971D-14D9619084BA}
	EndGlobalSection
	GlobalSection(ExtensibilityGlobals) = postSolution
		SolutionGuid = {B0F19343-8185-4A9F-9165-0EA8544BC925}
	EndGlobalSection
EndGlobal
